# THIS IS AN AUTOGENERATED FILE. DO NOT EDIT THIS FILE DIRECTLY.
# yarn lockfile v1


"@remix-run/router@1.16.0":
  version "1.16.0"
  resolved "https://registry.yarnpkg.com/@remix-run/router/-/router-1.16.0.tgz#0e10181e5fec1434eb071a9bc4bdaac843f16dcc"
  integrity sha512-Quz1KOffeEf/zwkCBM3kBtH4ZoZ+pT3xIXBG4PPW/XFtDP7EGhtTiC2+gpL9GnR7+Qdet5Oa6cYSvwKYg6kN9Q==

react-router-dom@^6.23.0:
  version "6.23.0"
  resolved "https://registry.yarnpkg.com/react-router-dom/-/react-router-dom-6.23.0.tgz#8b80ad92ad28f4dc38972e92d84b4c208150545a"
  integrity sha512-Q9YaSYvubwgbal2c9DJKfx6hTNoBp3iJDsl+Duva/DwxoJH+OTXkxGpql4iUK2sla/8z4RpjAm6EWx1qUDuopQ==
  dependencies:
    "@remix-run/router" "1.16.0"
    react-router "6.23.0"

react-router@6.23.0:
  version "6.23.0"
  resolved "https://registry.yarnpkg.com/react-router/-/react-router-6.23.0.tgz#2f2d7492c66a6bdf760be4c6bdf9e1d672fa154b"
  integrity sha512-wPMZ8S2TuPadH0sF5irFGjkNLIcRvOSaEe7v+JER8508dyJumm6XZB1u5kztlX0RVq6AzRVndzqcUh6sFIauzA==
  dependencies:
    "@remix-run/router" "1.16.0"
